
Microsoft Visual Studio Solution File, Format Version 12.00
# Visual Studio Version 17
VisualStudioVersion = 17.7.34202.233
MinimumVisualStudioVersion = 10.0.40219.1
Project("{9A19103F-16F7-4668-BE54-9A1E7A4F7556}") = "Ex-01", "Ex-01.csproj", "{FC20A08B-2BD0-4F92-8E93-9EBB0186A5C5}"
EndProject
Project("{9A19103F-16F7-4668-BE54-9A1E7A4F7556}") = "Ex-02", "..\Ex-02\Ex-02.csproj", "{5266B0E1-2300-4731-B7C0-84C0D41691D4}"
EndProject
Project("{9A19103F-16F7-4668-BE54-9A1E7A4F7556}") = "Ex-03", "..\Ex-03\Ex-03.csproj", "{844760FD-E34D-4E6E-903D-8199721AF47C}"
EndProject
Project("{9A19103F-16F7-4668-BE54-9A1E7A4F7556}") = "Ex-04", "..\Ex-04\Ex-04.csproj", "{F6B01343-84D5-4672-B5C8-FB5BC1711F28}"
EndProject
Project("{9A19103F-16F7-4668-BE54-9A1E7A4F7556}") = "Ex-05", "..\Ex-05\Ex-05.csproj", "{ED9C7445-7CB1-4B10-A516-0CBA36C0EBCA}"
EndProject
Project("{9A19103F-16F7-4668-BE54-9A1E7A4F7556}") = "Ex-06", "..\Ex-06\Ex-06.csproj", "{C9756CFC-F536-4D97-8E18-7E7FFA78B845}"
EndProject
Project("{9A19103F-16F7-4668-BE54-9A1E7A4F7556}") = "Ex-07", "..\Ex-07\Ex-07.csproj", "{225CF723-AA1D-4B38-BD58-0EB7ED138C88}"
EndProject
Project("{9A19103F-16F7-4668-BE54-9A1E7A4F7556}") = "Ex-08", "..\Ex-08\Ex-08.csproj", "{967CF3D1-C066-46AD-9BD7-45FD3CF96A61}"
EndProject
Project("{9A19103F-16F7-4668-BE54-9A1E7A4F7556}") = "Ex-09", "..\Ex-09\Ex-09.csproj", "{A58829BF-19DD-4C75-A4B1-053D1CA80FC7}"
EndProject
Project("{9A19103F-16F7-4668-BE54-9A1E7A4F7556}") = "Ex-10", "..\Ex-10\Ex-10.csproj", "{81BA4114-2EF2-4913-B468-0FDEBD87479E}"
EndProject
Project("{FAE04EC0-301F-11D3-BF4B-00C04F79EFBC}") = "exemplos", "..\exemplos\exemplos.csproj", "{F6DC0340-8F75-4FDE-B44F-6849AAEE5D62}"
EndProject
Global
	GlobalSection(SolutionConfigurationPlatforms) = preSolution
		Debug|Any CPU = Debug|Any CPU
		Release|Any CPU = Release|Any CPU
	EndGlobalSection
	GlobalSection(ProjectConfigurationPlatforms) = postSolution
		{FC20A08B-2BD0-4F92-8E93-9EBB0186A5C5}.Debug|Any CPU.ActiveCfg = Debug|Any CPU
		{FC20A08B-2BD0-4F92-8E93-9EBB0186A5C5}.Debug|Any CPU.Build.0 = Debug|Any CPU
		{FC20A08B-2BD0-4F92-8E93-9EBB0186A5C5}.Release|Any CPU.ActiveCfg = Release|Any CPU
		{FC20A08B-2BD0-4F92-8E93-9EBB0186A5C5}.Release|Any CPU.Build.0 = Release|Any CPU
		{5266B0E1-2300-4731-B7C0-84C0D41691D4}.Debug|Any CPU.ActiveCfg = Debug|Any CPU
		{5266B0E1-2300-4731-B7C0-84C0D41691D4}.Debug|Any CPU.Build.0 = Debug|Any CPU
		{5266B0E1-2300-4731-B7C0-84C0D41691D4}.Release|Any CPU.ActiveCfg = Release|Any CPU
		{5266B0E1-2300-4731-B7C0-84C0D41691D4}.Release|Any CPU.Build.0 = Release|Any CPU
		{844760FD-E34D-4E6E-903D-8199721AF47C}.Debug|Any CPU.ActiveCfg = Debug|Any CPU
		{844760FD-E34D-4E6E-903D-8199721AF47C}.Debug|Any CPU.Build.0 = Debug|Any CPU
		{844760FD-E34D-4E6E-903D-8199721AF47C}.Release|Any CPU.ActiveCfg = Release|Any CPU
		{844760FD-E34D-4E6E-903D-8199721AF47C}.Release|Any CPU.Build.0 = Release|Any CPU
		{F6B01343-84D5-4672-B5C8-FB5BC1711F28}.Debug|Any CPU.ActiveCfg = Debug|Any CPU
		{F6B01343-84D5-4672-B5C8-FB5BC1711F28}.Debug|Any CPU.Build.0 = Debug|Any CPU
		{F6B01343-84D5-4672-B5C8-FB5BC1711F28}.Release|Any CPU.ActiveCfg = Release|Any CPU
		{F6B01343-84D5-4672-B5C8-FB5BC1711F28}.Release|Any CPU.Build.0 = Release|Any CPU
		{ED9C7445-7CB1-4B10-A516-0CBA36C0EBCA}.Debug|Any CPU.ActiveCfg = Debug|Any CPU
		{ED9C7445-7CB1-4B10-A516-0CBA36C0EBCA}.Debug|Any CPU.Build.0 = Debug|Any CPU
		{ED9C7445-7CB1-4B10-A516-0CBA36C0EBCA}.Release|Any CPU.ActiveCfg = Release|Any CPU
		{ED9C7445-7CB1-4B10-A516-0CBA36C0EBCA}.Release|Any CPU.Build.0 = Release|Any CPU
		{C9756CFC-F536-4D97-8E18-7E7FFA78B845}.Debug|Any CPU.ActiveCfg = Debug|Any CPU
		{C9756CFC-F536-4D97-8E18-7E7FFA78B845}.Debug|Any CPU.Build.0 = Debug|Any CPU
		{C9756CFC-F536-4D97-8E18-7E7FFA78B845}.Release|Any CPU.ActiveCfg = Release|Any CPU
		{C9756CFC-F536-4D97-8E18-7E7FFA78B845}.Release|Any CPU.Build.0 = Release|Any CPU
		{225CF723-AA1D-4B38-BD58-0EB7ED138C88}.Debug|Any CPU.ActiveCfg = Debug|Any CPU
		{225CF723-AA1D-4B38-BD58-0EB7ED138C88}.Debug|Any CPU.Build.0 = Debug|Any CPU
		{225CF723-AA1D-4B38-BD58-0EB7ED138C88}.Release|Any CPU.ActiveCfg = Release|Any CPU
		{225CF723-AA1D-4B38-BD58-0EB7ED138C88}.Release|Any CPU.Build.0 = Release|Any CPU
		{967CF3D1-C066-46AD-9BD7-45FD3CF96A61}.Debug|Any CPU.ActiveCfg = Debug|Any CPU
		{967CF3D1-C066-46AD-9BD7-45FD3CF96A61}.Debug|Any CPU.Build.0 = Debug|Any CPU
		{967CF3D1-C066-46AD-9BD7-45FD3CF96A61}.Release|Any CPU.ActiveCfg = Release|Any CPU
		{967CF3D1-C066-46AD-9BD7-45FD3CF96A61}.Release|Any CPU.Build.0 = Release|Any CPU
		{A58829BF-19DD-4C75-A4B1-053D1CA80FC7}.Debug|Any CPU.ActiveCfg = Debug|Any CPU
		{A58829BF-19DD-4C75-A4B1-053D1CA80FC7}.Debug|Any CPU.Build.0 = Debug|Any CPU
		{A58829BF-19DD-4C75-A4B1-053D1CA80FC7}.Release|Any CPU.ActiveCfg = Release|Any CPU
		{A58829BF-19DD-4C75-A4B1-053D1CA80FC7}.Release|Any CPU.Build.0 = Release|Any CPU
		{81BA4114-2EF2-4913-B468-0FDEBD87479E}.Debug|Any CPU.ActiveCfg = Debug|Any CPU
		{81BA4114-2EF2-4913-B468-0FDEBD87479E}.Debug|Any CPU.Build.0 = Debug|Any CPU
		{81BA4114-2EF2-4913-B468-0FDEBD87479E}.Release|Any CPU.ActiveCfg = Release|Any CPU
		{81BA4114-2EF2-4913-B468-0FDEBD87479E}.Release|Any CPU.Build.0 = Release|Any CPU
		{F6DC0340-8F75-4FDE-B44F-6849AAEE5D62}.Debug|Any CPU.ActiveCfg = Debug|Any CPU
		{F6DC0340-8F75-4FDE-B44F-6849AAEE5D62}.Debug|Any CPU.Build.0 = Debug|Any CPU
		{F6DC0340-8F75-4FDE-B44F-6849AAEE5D62}.Release|Any CPU.ActiveCfg = Release|Any CPU
		{F6DC0340-8F75-4FDE-B44F-6849AAEE5D62}.Release|Any CPU.Build.0 = Release|Any CPU
	EndGlobalSection
	GlobalSection(SolutionProperties) = preSolution
		HideSolutionNode = FALSE
	EndGlobalSection
	GlobalSection(ExtensibilityGlobals) = postSolution
		SolutionGuid = {78DB29E8-6994-4F78-93DA-01F76ED23474}
	EndGlobalSection
EndGlobal
